
Microsoft Visual Studio Solution File, Format Version 12.00
# Visual Studio 14
VisualStudioVersion = 14.0.25420.1
MinimumVisualStudioVersion = 10.0.40219.1
Project("{FAE04EC0-301F-11D3-BF4B-00C04F79EFBC}") = "MedWik.Search", "MedWik.Seach\MedWik.Search.csproj", "{39163386-1235-41D1-97AF-236E5E891B53}"
EndProject
Project("{FAE04EC0-301F-11D3-BF4B-00C04F79EFBC}") = "MedWik.Search.Tests", "MedWik.Seach.Tests\MedWik.Search.Tests.csproj", "{17C3CDFE-63FA-45FF-BF7A-59F0C70DDBC9}"
EndProject
Global
	GlobalSection(SolutionConfigurationPlatforms) = preSolution
		Debug|Any CPU = Debug|Any CPU
		Release|Any CPU = Release|Any CPU
	EndGlobalSection
	GlobalSection(ProjectConfigurationPlatforms) = postSolution
		{39163386-1235-41D1-97AF-236E5E891B53}.Debug|Any CPU.ActiveCfg = Debug|Any CPU
		{39163386-1235-41D1-97AF-236E5E891B53}.Debug|Any CPU.Build.0 = Debug|Any CPU
		{39163386-1235-41D1-97AF-236E5E891B53}.Release|Any CPU.ActiveCfg = Release|Any CPU
		{39163386-1235-41D1-97AF-236E5E891B53}.Release|Any CPU.Build.0 = Release|Any CPU
		{17C3CDFE-63FA-45FF-BF7A-59F0C70DDBC9}.Debug|Any CPU.ActiveCfg = Debug|Any CPU
		{17C3CDFE-63FA-45FF-BF7A-59F0C70DDBC9}.Debug|Any CPU.Build.0 = Debug|Any CPU
		{17C3CDFE-63FA-45FF-BF7A-59F0C70DDBC9}.Release|Any CPU.ActiveCfg = Release|Any CPU
		{17C3CDFE-63FA-45FF-BF7A-59F0C70DDBC9}.Release|Any CPU.Build.0 = Release|Any CPU
	EndGlobalSection
	GlobalSection(SolutionProperties) = preSolution
		HideSolutionNode = FALSE
	EndGlobalSection
EndGlobal
